
Microsoft Visual Studio Solution File, Format Version 12.00
# Visual Studio Version 17
VisualStudioVersion = 17.6.33815.320
MinimumVisualStudioVersion = 10.0.40219.1
Project("{FAE04EC0-301F-11D3-BF4B-00C04F79EFBC}") = "Assignment14", "Assignment14\Assignment14.csproj", "{26D3247A-631D-4584-B33D-163CCA385DC4}"
EndProject
Global
	GlobalSection(SolutionConfigurationPlatforms) = preSolution
		Debug|Any CPU = Debug|Any CPU
		Release|Any CPU = Release|Any CPU
	EndGlobalSection
	GlobalSection(ProjectConfigurationPlatforms) = postSolution
		{26D3247A-631D-4584-B33D-163CCA385DC4}.Debug|Any CPU.ActiveCfg = Debug|Any CPU
		{26D3247A-631D-4584-B33D-163CCA385DC4}.Debug|Any CPU.Build.0 = Debug|Any CPU
		{26D3247A-631D-4584-B33D-163CCA385DC4}.Release|Any CPU.ActiveCfg = Release|Any CPU
		{26D3247A-631D-4584-B33D-163CCA385DC4}.Release|Any CPU.Build.0 = Release|Any CPU
	EndGlobalSection
	GlobalSection(SolutionProperties) = preSolution
		HideSolutionNode = FALSE
	EndGlobalSection
	GlobalSection(ExtensibilityGlobals) = postSolution
		SolutionGuid = {EDA49D54-B94C-4520-9092-B652B90E28D5}
	EndGlobalSection
EndGlobal
